
Microsoft Visual Studio Solution File, Format Version 12.00
# Visual Studio 14
VisualStudioVersion = 14.0.25420.1
MinimumVisualStudioVersion = 10.0.40219.1
Project("{FAE04EC0-301F-11D3-BF4B-00C04F79EFBC}") = "Projeto01", "Projeto01\Projeto01.csproj", "{660D10C4-E4CD-4F87-B74E-4A9CC9F06426}"
EndProject
Project("{FAE04EC0-301F-11D3-BF4B-00C04F79EFBC}") = "Modelo", "Modelo\Modelo.csproj", "{D4E74B1D-22CD-4791-BBA6-336E4E7B8271}"
EndProject
Global
	GlobalSection(SolutionConfigurationPlatforms) = preSolution
		Debug|Any CPU = Debug|Any CPU
		Debug|ARM = Debug|ARM
		Debug|ARM64 = Debug|ARM64
		Debug|x64 = Debug|x64
		Debug|x86 = Debug|x86
		Release|Any CPU = Release|Any CPU
		Release|ARM = Release|ARM
		Release|ARM64 = Release|ARM64
		Release|x64 = Release|x64
		Release|x86 = Release|x86
	EndGlobalSection
	GlobalSection(ProjectConfigurationPlatforms) = postSolution
		{660D10C4-E4CD-4F87-B74E-4A9CC9F06426}.Debug|Any CPU.ActiveCfg = Debug|Any CPU
		{660D10C4-E4CD-4F87-B74E-4A9CC9F06426}.Debug|Any CPU.Build.0 = Debug|Any CPU
		{660D10C4-E4CD-4F87-B74E-4A9CC9F06426}.Debug|ARM.ActiveCfg = Debug|Any CPU
		{660D10C4-E4CD-4F87-B74E-4A9CC9F06426}.Debug|ARM.Build.0 = Debug|Any CPU
		{660D10C4-E4CD-4F87-B74E-4A9CC9F06426}.Debug|ARM64.ActiveCfg = Debug|Any CPU
		{660D10C4-E4CD-4F87-B74E-4A9CC9F06426}.Debug|ARM64.Build.0 = Debug|Any CPU
		{660D10C4-E4CD-4F87-B74E-4A9CC9F06426}.Debug|x64.ActiveCfg = Debug|Any CPU
		{660D10C4-E4CD-4F87-B74E-4A9CC9F06426}.Debug|x64.Build.0 = Debug|Any CPU
		{660D10C4-E4CD-4F87-B74E-4A9CC9F06426}.Debug|x86.ActiveCfg = Debug|Any CPU
		{660D10C4-E4CD-4F87-B74E-4A9CC9F06426}.Debug|x86.Build.0 = Debug|Any CPU
		{660D10C4-E4CD-4F87-B74E-4A9CC9F06426}.Release|Any CPU.ActiveCfg = Release|Any CPU
		{660D10C4-E4CD-4F87-B74E-4A9CC9F06426}.Release|Any CPU.Build.0 = Release|Any CPU
		{660D10C4-E4CD-4F87-B74E-4A9CC9F06426}.Release|ARM.ActiveCfg = Release|Any CPU
		{660D10C4-E4CD-4F87-B74E-4A9CC9F06426}.Release|ARM.Build.0 = Release|Any CPU
		{660D10C4-E4CD-4F87-B74E-4A9CC9F06426}.Release|ARM64.ActiveCfg = Release|Any CPU
		{660D10C4-E4CD-4F87-B74E-4A9CC9F06426}.Release|ARM64.Build.0 = Release|Any CPU
		{660D10C4-E4CD-4F87-B74E-4A9CC9F06426}.Release|x64.ActiveCfg = Release|Any CPU
		{660D10C4-E4CD-4F87-B74E-4A9CC9F06426}.Release|x64.Build.0 = Release|Any CPU
		{660D10C4-E4CD-4F87-B74E-4A9CC9F06426}.Release|x86.ActiveCfg = Release|Any CPU
		{660D10C4-E4CD-4F87-B74E-4A9CC9F06426}.Release|x86.Build.0 = Release|Any CPU
		{D4E74B1D-22CD-4791-BBA6-336E4E7B8271}.Debug|Any CPU.ActiveCfg = Debug|Any CPU
		{D4E74B1D-22CD-4791-BBA6-336E4E7B8271}.Debug|Any CPU.Build.0 = Debug|Any CPU
		{D4E74B1D-22CD-4791-BBA6-336E4E7B8271}.Debug|ARM.ActiveCfg = Debug|Any CPU
		{D4E74B1D-22CD-4791-BBA6-336E4E7B8271}.Debug|ARM.Build.0 = Debug|Any CPU
		{D4E74B1D-22CD-4791-BBA6-336E4E7B8271}.Debug|ARM64.ActiveCfg = Debug|Any CPU
		{D4E74B1D-22CD-4791-BBA6-336E4E7B8271}.Debug|ARM64.Build.0 = Debug|Any CPU
		{D4E74B1D-22CD-4791-BBA6-336E4E7B8271}.Debug|x64.ActiveCfg = Debug|Any CPU
		{D4E74B1D-22CD-4791-BBA6-336E4E7B8271}.Debug|x64.Build.0 = Debug|Any CPU
		{D4E74B1D-22CD-4791-BBA6-336E4E7B8271}.Debug|x86.ActiveCfg = Debug|Any CPU
		{D4E74B1D-22CD-4791-BBA6-336E4E7B8271}.Debug|x86.Build.0 = Debug|Any CPU
		{D4E74B1D-22CD-4791-BBA6-336E4E7B8271}.Release|Any CPU.ActiveCfg = Release|Any CPU
		{D4E74B1D-22CD-4791-BBA6-336E4E7B8271}.Release|Any CPU.Build.0 = Release|Any CPU
		{D4E74B1D-22CD-4791-BBA6-336E4E7B8271}.Release|ARM.ActiveCfg = Release|Any CPU
		{D4E74B1D-22CD-4791-BBA6-336E4E7B8271}.Release|ARM.Build.0 = Release|Any CPU
		{D4E74B1D-22CD-4791-BBA6-336E4E7B8271}.Release|ARM64.ActiveCfg = Release|Any CPU
		{D4E74B1D-22CD-4791-BBA6-336E4E7B8271}.Release|ARM64.Build.0 = Release|Any CPU
		{D4E74B1D-22CD-4791-BBA6-336E4E7B8271}.Release|x64.ActiveCfg = Release|Any CPU
		{D4E74B1D-22CD-4791-BBA6-336E4E7B8271}.Release|x64.Build.0 = Release|Any CPU
		{D4E74B1D-22CD-4791-BBA6-336E4E7B8271}.Release|x86.ActiveCfg = Release|Any CPU
		{D4E74B1D-22CD-4791-BBA6-336E4E7B8271}.Release|x86.Build.0 = Release|Any CPU
	EndGlobalSection
	GlobalSection(SolutionProperties) = preSolution
		HideSolutionNode = FALSE
	EndGlobalSection
	GlobalSection(ExtensibilityGlobals) = postSolution
		SolutionGuid = {1870AD9B-18D0-4125-B089-609648CA405E}
	EndGlobalSection
EndGlobal
